// !$*UTF8*$!
{
	archiveVersion = 1;
	classes = {
	};
	objectVersion = 50;
	objects = {

/* Begin PBXBuildFile section */
		650456E6259CEA0C00A830FE /* AppDelegate.swift in Sources */ = {isa = PBXBuildFile; fileRef = 650456E5259CEA0C00A830FE /* AppDelegate.swift */; };
		650456E8259CEA0C00A830FE /* SceneDelegate.swift in Sources */ = {isa = PBXBuildFile; fileRef = 650456E7259CEA0C00A830FE /* SceneDelegate.swift */; };
		650456EA259CEA0C00A830FE /* ViewController.swift in Sources */ = {isa = PBXBuildFile; fileRef = 650456E9259CEA0C00A830FE /* ViewController.swift */; };
		650456ED259CEA0C00A830FE /* Main.storyboard in Resources */ = {isa = PBXBuildFile; fileRef = 650456EB259CEA0C00A830FE /* Main.storyboard */; };
		650456EF259CEA0D00A830FE /* Assets.xcassets in Resources */ = {isa = PBXBuildFile; fileRef = 650456EE259CEA0D00A830FE /* Assets.xcassets */; };
		650456F2259CEA0D00A830FE /* LaunchScreen.storyboard in Resources */ = {isa = PBXBuildFile; fileRef = 650456F0259CEA0D00A830FE /* LaunchScreen.storyboard */; };
		650456FD259CEA0D00A830FE /* preworkTests.swift in Sources */ = {isa = PBXBuildFile; fileRef = 650456FC259CEA0D00A830FE /* preworkTests.swift */; };
		65045708259CEA0D00A830FE /* preworkUITests.swift in Sources */ = {isa = PBXBuildFile; fileRef = 65045707259CEA0D00A830FE /* preworkUITests.swift */; };
/* End PBXBuildFile section */

/* Begin PBXContainerItemProxy section */
		650456F9259CEA0D00A830FE /* PBXContainerItemProxy */ = {
			isa = PBXContainerItemProxy;
			containerPortal = 650456DA259CEA0C00A830FE /* Project object */;
			proxyType = 1;
			remoteGlobalIDString = 650456E1259CEA0C00A830FE;
			remoteInfo = prework;
		};
		65045704259CEA0D00A830FE /* PBXContainerItemProxy */ = {
			isa = PBXContainerItemProxy;
			containerPortal = 650456DA259CEA0C00A830FE /* Project object */;
			proxyType = 1;
			remoteGlobalIDString = 650456E1259CEA0C00A830FE;
			remoteInfo = prework;
		};
/* End PBXContainerItemProxy section */

/* Begin PBXFileReference section */
		650456E2259CEA0C00A830FE /* prework.app */ = {isa = PBXFileReference; explicitFileType = wrapper.application; includeInIndex = 0; path = prework.app; sourceTree = BUILT_PRODUCTS_DIR; };
		650456E5259CEA0C00A830FE /* AppDelegate.swift */ = {isa = PBXFileReference; lastKnownFileType = sourcecode.swift; path = AppDelegate.swift; sourceTree = "<group>"; };
		650456E7259CEA0C00A830FE /* SceneDelegate.swift */ = {isa = PBXFileReference; lastKnownFileType = sourcecode.swift; path = SceneDelegate.swift; sourceTree = "<group>"; };
		650456E9259CEA0C00A830FE /* ViewController.swift */ = {isa = PBXFileReference; lastKnownFileType = sourcecode.swift; path = ViewController.swift; sourceTree = "<group>"; };
		650456EC259CEA0C00A830FE /* Base */ = {isa = PBXFileReference; lastKnownFileType = file.storyboard; name = Base; path = Base.lproj/Main.storyboard; sourceTree = "<group>"; };
		650456EE259CEA0D00A830FE /* Assets.xcassets */ = {isa = PBXFileReference; lastKnownFileType = folder.assetcatalog; path = Assets.xcassets; sourceTree = "<group>"; };
		650456F1259CEA0D00A830FE /* Base */ = {isa = PBXFileReference; lastKnownFileType = file.storyboard; name = Base; path = Base.lproj/LaunchScreen.storyboard; sourceTree = "<group>"; };
		650456F3259CEA0D00A830FE /* Info.plist */ = {isa = PBXFileReference; lastKnownFileType = text.plist.xml; path = Info.plist; sourceTree = "<group>"; };
		650456F8259CEA0D00A830FE /* preworkTests.xctest */ = {isa = PBXFileReference; explicitFileType = wrapper.cfbundle; includeInIndex = 0; path = preworkTests.xctest; sourceTree = BUILT_PRODUCTS_DIR; };
		650456FC259CEA0D00A830FE /* preworkTests.swift */ = {isa = PBXFileReference; lastKnownFileType = sourcecode.swift; path = preworkTests.swift; sourceTree = "<group>"; };
		650456FE259CEA0D00A830FE /* Info.plist */ = {isa = PBXFileReference; lastKnownFileType = text.plist.xml; path = Info.plist; sourceTree = "<group>"; };
		65045703259CEA0D00A830FE /* preworkUITests.xctest */ = {isa = PBXFileReference; explicitFileType = wrapper.cfbundle; includeInIndex = 0; path = preworkUITests.xctest; sourceTree = BUILT_PRODUCTS_DIR; };
		65045707259CEA0D00A830FE /* preworkUITests.swift */ = {isa = PBXFileReference; lastKnownFileType = sourcecode.swift; path = preworkUITests.swift; sourceTree = "<group>"; };
		65045709259CEA0D00A830FE /* Info.plist */ = {isa = PBXFileReference; lastKnownFileType = text.plist.xml; path = Info.plist; sourceTree = "<group>"; };
/* End PBXFileReference section */

/* Begin PBXFrameworksBuildPhase section */
		650456DF259CEA0C00A830FE /* Frameworks */ = {
			isa = PBXFrameworksBuildPhase;
			buildActionMask = 2147483647;
			files = (
			);
			runOnlyForDeploymentPostprocessing = 0;
		};
		650456F5259CEA0D00A830FE /* Frameworks */ = {
			isa = PBXFrameworksBuildPhase;
			buildActionMask = 2147483647;
			files = (
			);
			runOnlyForDeploymentPostprocessing = 0;
		};
		65045700259CEA0D00A830FE /* Frameworks */ = {
			isa = PBXFrameworksBuildPhase;
			buildActionMask = 2147483647;
			files = (
			);
			runOnlyForDeploymentPostprocessing = 0;
		};
/* End PBXFrameworksBuildPhase section */

/* Begin PBXGroup section */
		650456D9259CEA0C00A830FE = {
			isa = PBXGroup;
			children = (
				650456E4259CEA0C00A830FE /* prework */,
				650456FB259CEA0D00A830FE /* preworkTests */,
				65045706259CEA0D00A830FE /* preworkUITests */,
				650456E3259CEA0C00A830FE /* Products */,
			);
			sourceTree = "<group>";
		};
		650456E3259CEA0C00A830FE /* Products */ = {
			isa = PBXGroup;
			children = (
				650456E2259CEA0C00A830FE /* prework.app */,
				650456F8259CEA0D00A830FE /* preworkTests.xctest */,
				65045703259CEA0D00A830FE /* preworkUITests.xctest */,
			);
			name = Products;
			sourceTree = "<group>";
		};
		650456E4259CEA0C00A830FE /* prework */ = {
			isa = PBXGroup;
			children = (
				650456E5259CEA0C00A830FE /* AppDelegate.swift */,
				650456E7259CEA0C00A830FE /* SceneDelegate.swift */,
				650456E9259CEA0C00A830FE /* ViewController.swift */,
				650456EB259CEA0C00A830FE /* Main.storyboard */,
				650456EE259CEA0D00A830FE /* Assets.xcassets */,
				650456F0259CEA0D00A830FE /* LaunchScreen.storyboard */,
				650456F3259CEA0D00A830FE /* Info.plist */,
			);
			path = prework;
			sourceTree = "<group>";
		};
		650456FB259CEA0D00A830FE /* preworkTests */ = {
			isa = PBXGroup;
			children = (
				650456FC259CEA0D00A830FE /* preworkTests.swift */,
				650456FE259CEA0D00A830FE /* Info.plist */,
			);
			path = preworkTests;
			sourceTree = "<group>";
		};
		65045706259CEA0D00A830FE /* preworkUITests */ = {
			isa = PBXGroup;
			children = (
				65045707259CEA0D00A830FE /* preworkUITests.swift */,
				65045709259CEA0D00A830FE /* Info.plist */,
			);
			path = preworkUITests;
			sourceTree = "<group>";
		};
/* End PBXGroup section */

/* Begin PBXNativeTarget section */
		650456E1259CEA0C00A830FE /* prework */ = {
			isa = PBXNativeTarget;
			buildConfigurationList = 6504570C259CEA0D00A830FE /* Build configuration list for PBXNativeTarget "prework" */;
			buildPhases = (
				650456DE259CEA0C00A830FE /* Sources */,
				650456DF259CEA0C00A830FE /* Frameworks */,
				650456E0259CEA0C00A830FE /* Resources */,
			);
			buildRules = (
			);
			dependencies = (
			);
			name = prework;
			productName = prework;
			productReference = 650456E2259CEA0C00A830FE /* prework.app */;
			productType = "com.apple.product-type.application";
		};
		650456F7259CEA0D00A830FE /* preworkTests */ = {
			isa = PBXNativeTarget;
			buildConfigurationList = 6504570F259CEA0D00A830FE /* Build configuration list for PBXNativeTarget "preworkTests" */;
			buildPhases = (
				650456F4259CEA0D00A830FE /* Sources */,
				650456F5259CEA0D00A830FE /* Frameworks */,
				650456F6259CEA0D00A830FE /* Resources */,
			);
			buildRules = (
			);
			dependencies = (
				650456FA259CEA0D00A830FE /* PBXTargetDependency */,
			);
			name = preworkTests;
			productName = preworkTests;
			productReference = 650456F8259CEA0D00A830FE /* preworkTests.xctest */;
			productType = "com.apple.product-type.bundle.unit-test";
		};
		65045702259CEA0D00A830FE /* preworkUITests */ = {
			isa = PBXNativeTarget;
			buildConfigurationList = 65045712259CEA0D00A830FE /* Build configuration list for PBXNativeTarget "preworkUITests" */;
			buildPhases = (
				650456FF259CEA0D00A830FE /* Sources */,
				65045700259CEA0D00A830FE /* Frameworks */,
				65045701259CEA0D00A830FE /* Resources */,
			);
			buildRules = (
			);
			dependencies = (
				65045705259CEA0D00A830FE /* PBXTargetDependency */,
			);
			name = preworkUITests;
			productName = preworkUITests;
			productReference = 65045703259CEA0D00A830FE /* preworkUITests.xctest */;
			productType = "com.apple.product-type.bundle.ui-testing";
		};
/* End PBXNativeTarget section */

/* Begin PBXProject section */
		650456DA259CEA0C00A830FE /* Project object */ = {
			isa = PBXProject;
			attributes = {
				LastSwiftUpdateCheck = 1220;
				LastUpgradeCheck = 1220;
				TargetAttributes = {
					650456E1259CEA0C00A830FE = {
						CreatedOnToolsVersion = 12.2;
					};
					650456F7259CEA0D00A830FE = {
						CreatedOnToolsVersion = 12.2;
						TestTargetID = 650456E1259CEA0C00A830FE;
					};
					65045702259CEA0D00A830FE = {
						CreatedOnToolsVersion = 12.2;
						TestTargetID = 650456E1259CEA0C00A830FE;
					};
				};
			};
			buildConfigurationList = 650456DD259CEA0C00A830FE /* Build configuration list for PBXProject "prework" */;
			compatibilityVersion = "Xcode 9.3";
			developmentRegion = en;
			hasScannedForEncodings = 0;
			knownRegions = (
				en,
				Base,
			);
			mainGroup = 650456D9259CEA0C00A830FE;
			productRefGroup = 650456E3259CEA0C00A830FE /* Products */;
			projectDirPath = "";
			projectRoot = "";
			targets = (
				650456E1259CEA0C00A830FE /* prework */,
				650456F7259CEA0D00A830FE /* preworkTests */,
				65045702259CEA0D00A830FE /* preworkUITests */,
			);
		};
/* End PBXProject section */

/* Begin PBXResourcesBuildPhase section */
		650456E0259CEA0C00A830FE /* Resources */ = {
			isa = PBXResourcesBuildPhase;
			buildActionMask = 2147483647;
			files = (
				650456F2259CEA0D00A830FE /* LaunchScreen.storyboard in Resources */,
				650456EF259CEA0D00A830FE /* Assets.xcassets in Resources */,
				650456ED259CEA0C00A830FE /* Main.storyboard in Resources */,
			);
			runOnlyForDeploymentPostprocessing = 0;
		};
		650456F6259CEA0D00A830FE /* Resources */ = {
			isa = PBXResourcesBuildPhase;
			buildActionMask = 2147483647;
			files = (
			);
			runOnlyForDeploymentPostprocessing = 0;
		};
		65045701259CEA0D00A830FE /* Resources */ = {
			isa = PBXResourcesBuildPhase;
			buildActionMask = 2147483647;
			files = (
			);
			runOnlyForDeploymentPostprocessing = 0;
		};
/* End PBXResourcesBuildPhase section */

/* Begin PBXSourcesBuildPhase section */
		650456DE259CEA0C00A830FE /* Sources */ = {
			isa = PBXSourcesBuildPhase;
			buildActionMask = 2147483647;
			files = (
				650456EA259CEA0C00A830FE /* ViewController.swift in Sources */,
				650456E6259CEA0C00A830FE /* AppDelegate.swift in Sources */,
				650456E8259CEA0C00A830FE /* SceneDelegate.swift in Sources */,
			);
			runOnlyForDeploymentPostprocessing = 0;
		};
		650456F4259CEA0D00A830FE /* Sources */ = {
			isa = PBXSourcesBuildPhase;
			buildActionMask = 2147483647;
			files = (
				650456FD259CEA0D00A830FE /* preworkTests.swift in Sources */,
			);
			runOnlyForDeploymentPostprocessing = 0;
		};
		650456FF259CEA0D00A830FE /* Sources */ = {
			isa = PBXSourcesBuildPhase;
			buildActionMask = 2147483647;
			files = (
				65045708259CEA0D00A830FE /* preworkUITests.swift in Sources */,
			);
			runOnlyForDeploymentPostprocessing = 0;
		};
/* End PBXSourcesBuildPhase section */

/* Begin PBXTargetDependency section */
		650456FA259CEA0D00A830FE /* PBXTargetDependency */ = {
			isa = PBXTargetDependency;
			target = 650456E1259CEA0C00A830FE /* prework */;
			targetProxy = 650456F9259CEA0D00A830FE /* PBXContainerItemProxy */;
		};
		65045705259CEA0D00A830FE /* PBXTargetDependency */ = {
			isa = PBXTargetDependency;
			target = 650456E1259CEA0C00A830FE /* prework */;
			targetProxy = 65045704259CEA0D00A830FE /* PBXContainerItemProxy */;
		};
/* End PBXTargetDependency section */

/* Begin PBXVariantGroup section */
		650456EB259CEA0C00A830FE /* Main.storyboard */ = {
			isa = PBXVariantGroup;
			children = (
				650456EC259CEA0C00A830FE /* Base */,
			);
			name = Main.storyboard;
			sourceTree = "<group>";
		};
		650456F0259CEA0D00A830FE /* LaunchScreen.storyboard */ = {
			isa = PBXVariantGroup;
			children = (
				650456F1259CEA0D00A830FE /* Base */,
			);
			name = LaunchScreen.storyboard;
			sourceTree = "<group>";
		};
/* End PBXVariantGroup section */

/* Begin XCBuildConfiguration section */
		6504570A259CEA0D00A830FE /* Debug */ = {
			isa = XCBuildConfiguration;
			buildSettings = {
				ALWAYS_SEARCH_USER_PATHS = NO;
				CLANG_ANALYZER_NONNULL = YES;
				CLANG_ANALYZER_NUMBER_OBJECT_CONVERSION = YES_AGGRESSIVE;
				CLANG_CXX_LANGUAGE_STANDARD = "gnu++14";
				CLANG_CXX_LIBRARY = "libc++";
				CLANG_ENABLE_MODULES = YES;
				CLANG_ENABLE_OBJC_ARC = YES;
				CLANG_ENABLE_OBJC_WEAK = YES;
				CLANG_WARN_BLOCK_CAPTURE_AUTORELEASING = YES;
				CLANG_WARN_BOOL_CONVERSION = YES;
				CLANG_WARN_COMMA = YES;
				CLANG_WARN_CONSTANT_CONVERSION = YES;
				CLANG_WARN_DEPRECATED_OBJC_IMPLEMENTATIONS = YES;
				CLANG_WARN_DIRECT_OBJC_ISA_USAGE = YES_ERROR;
				CLANG_WARN_DOCUMENTATION_COMMENTS = YES;
				CLANG_WARN_EMPTY_BODY = YES;
				CLANG_WARN_ENUM_CONVERSION = YES;
				CLANG_WARN_INFINITE_RECURSION = YES;
				CLANG_WARN_INT_CONVERSION = YES;
				CLANG_WARN_NON_LITERAL_NULL_CONVERSION = YES;
				CLANG_WARN_OBJC_IMPLICIT_RETAIN_SELF = YES;
				CLANG_WARN_OBJC_LITERAL_CONVERSION = YES;
				CLANG_WARN_OBJC_ROOT_CLASS = YES_ERROR;
				CLANG_WARN_QUOTED_INCLUDE_IN_FRAMEWORK_HEADER = YES;
				CLANG_WARN_RANGE_LOOP_ANALYSIS = YES;
				CLANG_WARN_STRICT_PROTOTYPES = YES;
				CLANG_WARN_SUSPICIOUS_MOVE = YES;
				CLANG_WARN_UNGUARDED_AVAILABILITY = YES_AGGRESSIVE;
				CLANG_WARN_UNREACHABLE_CODE = YES;
				CLANG_WARN__DUPLICATE_METHOD_MATCH = YES;
				COPY_PHASE_STRIP = NO;
				DEBUG_INFORMATION_FORMAT = dwarf;
				ENABLE_STRICT_OBJC_MSGSEND = YES;
				ENABLE_TESTABILITY = YES;
				GCC_C_LANGUAGE_STANDARD = gnu11;
				GCC_DYNAMIC_NO_PIC = NO;
				GCC_NO_COMMON_BLOCKS = YES;
				GCC_OPTIMIZATION_LEVEL = 0;
				GCC_PREPROCESSOR_DEFINITIONS = (
					"DEBUG=1",
					"$(inherited)",
				);
				GCC_WARN_64_TO_32_BIT_CONVERSION = YES;
				GCC_WARN_ABOUT_RETURN_TYPE = YES_ERROR;
				GCC_WARN_UNDECLARED_SELECTOR = YES;
				GCC_WARN_UNINITIALIZED_AUTOS = YES_AGGRESSIVE;
				GCC_WARN_UNUSED_FUNCTION = YES;
				GCC_WARN_UNUSED_VARIABLE = YES;
				IPHONEOS_DEPLOYMENT_TARGET = 14.2;
				MTL_ENABLE_DEBUG_INFO = INCLUDE_SOURCE;
				MTL_FAST_MATH = YES;
				ONLY_ACTIVE_ARCH = YES;
				SDKROOT = iphoneos;
				SWIFT_ACTIVE_COMPILATION_CONDITIONS = DEBUG;
				SWIFT_OPTIMIZATION_LEVEL = "-Onone";
			};
			name = Debug;
		};
		6504570B259CEA0D00A830FE /* Release */ = {
			isa = XCBuildConfiguration;
			buildSettings = {
				ALWAYS_SEARCH_USER_PATHS = NO;
				CLANG_ANALYZER_NONNULL = YES;
				CLANG_ANALYZER_NUMBER_OBJECT_CONVERSION = YES_AGGRESSIVE;
				CLANG_CXX_LANGUAGE_STANDARD = "gnu++14";
				CLANG_CXX_LIBRARY = "libc++";
				CLANG_ENABLE_MODULES = YES;
				CLANG_ENABLE_OBJC_ARC = YES;
				CLANG_ENABLE_OBJC_WEAK = YES;
				CLANG_WARN_BLOCK_CAPTURE_AUTORELEASING = YES;
				CLANG_WARN_BOOL_CONVERSION = YES;
				CLANG_WARN_COMMA = YES;
				CLANG_WARN_CONSTANT_CONVERSION = YES;
				CLANG_WARN_DEPRECATED_OBJC_IMPLEMENTATIONS = YES;
				CLANG_WARN_DIRECT_OBJC_ISA_USAGE = YES_ERROR;
				CLANG_WARN_DOCUMENTATION_COMMENTS = YES;
				CLANG_WARN_EMPTY_BODY = YES;
				CLANG_WARN_ENUM_CONVERSION = YES;
				CLANG_WARN_INFINITE_RECURSION = YES;
				CLANG_WARN_INT_CONVERSION = YES;
				CLANG_WARN_NON_LITERAL_NULL_CONVERSION = YES;
				CLANG_WARN_OBJC_IMPLICIT_RETAIN_SELF = YES;
				CLANG_WARN_OBJC_LITERAL_CONVERSION = YES;
				CLANG_WARN_OBJC_ROOT_CLASS = YES_ERROR;
				CLANG_WARN_QUOTED_INCLUDE_IN_FRAMEWORK_HEADER = YES;
				CLANG_WARN_RANGE_LOOP_ANALYSIS = YES;
				CLANG_WARN_STRICT_PROTOTYPES = YES;
				CLANG_WARN_SUSPICIOUS_MOVE = YES;
				CLANG_WARN_UNGUARDED_AVAILABILITY = YES_AGGRESSIVE;
				CLANG_WARN_UNREACHABLE_CODE = YES;
				CLANG_WARN__DUPLICATE_METHOD_MATCH = YES;
				COPY_PHASE_STRIP = NO;
				DEBUG_INFORMATION_FORMAT = "dwarf-with-dsym";
				ENABLE_NS_ASSERTIONS = NO;
				ENABLE_STRICT_OBJC_MSGSEND = YES;
				GCC_C_LANGUAGE_STANDARD = gnu11;
				GCC_NO_COMMON_BLOCKS = YES;
				GCC_WARN_64_TO_32_BIT_CONVERSION = YES;
				GCC_WARN_ABOUT_RETURN_TYPE = YES_ERROR;
				GCC_WARN_UNDECLARED_SELECTOR = YES;
				GCC_WARN_UNINITIALIZED_AUTOS = YES_AGGRESSIVE;
				GCC_WARN_UNUSED_FUNCTION = YES;
				GCC_WARN_UNUSED_VARIABLE = YES;
				IPHONEOS_DEPLOYMENT_TARGET = 14.2;
				MTL_ENABLE_DEBUG_INFO = NO;
				MTL_FAST_MATH = YES;
				SDKROOT = iphoneos;
				SWIFT_COMPILATION_MODE = wholemodule;
				SWIFT_OPTIMIZATION_LEVEL = "-O";
				VALIDATE_PRODUCT = YES;
			};
			name = Release;
		};
		6504570D259CEA0D00A830FE /* Debug */ = {
			isa = XCBuildConfiguration;
			buildSettings = {
				ASSETCATALOG_COMPILER_APPICON_NAME = AppIcon;
				ASSETCATALOG_COMPILER_GLOBAL_ACCENT_COLOR_NAME = AccentColor;
				CODE_SIGN_STYLE = Automatic;
				INFOPLIST_FILE = prework/Info.plist;
				LD_RUNPATH_SEARCH_PATHS = (
					"$(inherited)",
					"@executable_path/Frameworks",
				);
				PRODUCT_BUNDLE_IDENTIFIER = memo.com.prework;
				PRODUCT_NAME = "$(TARGET_NAME)";
				SWIFT_VERSION = 5.0;
				TARGETED_DEVICE_FAMILY = "1,2";
			};
			name = Debug;
		};
		6504570E259CEA0D00A830FE /* Release */ = {
			isa = XCBuildConfiguration;
			buildSettings = {
				ASSETCATALOG_COMPILER_APPICON_NAME = AppIcon;
				ASSETCATALOG_COMPILER_GLOBAL_ACCENT_COLOR_NAME = AccentColor;
				CODE_SIGN_STYLE = Automatic;
				INFOPLIST_FILE = prework/Info.plist;
				LD_RUNPATH_SEARCH_PATHS = (
					"$(inherited)",
					"@executable_path/Frameworks",
				);
				PRODUCT_BUNDLE_IDENTIFIER = memo.com.prework;
				PRODUCT_NAME = "$(TARGET_NAME)";
				SWIFT_VERSION = 5.0;
				TARGETED_DEVICE_FAMILY = "1,2";
			};
			name = Release;
		};
		65045710259CEA0D00A830FE /* Debug */ = {
			isa = XCBuildConfiguration;
			buildSettings = {
				ALWAYS_EMBED_SWIFT_STANDARD_LIBRARIES = YES;
				BUNDLE_LOADER = "$(TEST_HOST)";
				CODE_SIGN_STYLE = Automatic;
				INFOPLIST_FILE = preworkTests/Info.plist;
				IPHONEOS_DEPLOYMENT_TARGET = 14.2;
				LD_RUNPATH_SEARCH_PATHS = (
					"$(inherited)",
					"@executable_path/Frameworks",
					"@loader_path/Frameworks",
				);
				PRODUCT_BUNDLE_IDENTIFIER = memo.com.preworkTests;
				PRODUCT_NAME = "$(TARGET_NAME)";
				SWIFT_VERSION = 5.0;
				TARGETED_DEVICE_FAMILY = "1,2";
				TEST_HOST = "$(BUILT_PRODUCTS_DIR)/prework.app/prework";
			};
			name = Debug;
		};
		65045711259CEA0D00A830FE /* Release */ = {
			isa = XCBuildConfiguration;
			buildSettings = {
				ALWAYS_EMBED_SWIFT_STANDARD_LIBRARIES = YES;
				BUNDLE_LOADER = "$(TEST_HOST)";
				CODE_SIGN_STYLE = Automatic;
				INFOPLIST_FILE = preworkTests/Info.plist;
				IPHONEOS_DEPLOYMENT_TARGET = 14.2;
				LD_RUNPATH_SEARCH_PATHS = (
					"$(inherited)",
					"@executable_path/Frameworks",
					"@loader_path/Frameworks",
				);
				PRODUCT_BUNDLE_IDENTIFIER = memo.com.preworkTests;
				PRODUCT_NAME = "$(TARGET_NAME)";
				SWIFT_VERSION = 5.0;
				TARGETED_DEVICE_FAMILY = "1,2";
				TEST_HOST = "$(BUILT_PRODUCTS_DIR)/prework.app/prework";
			};
			name = Release;
		};
		65045713259CEA0D00A830FE /* Debug */ = {
			isa = XCBuildConfiguration;
			buildSettings = {
				ALWAYS_EMBED_SWIFT_STANDARD_LIBRARIES = YES;
				CODE_SIGN_STYLE = Automatic;
				INFOPLIST_FILE = preworkUITests/Info.plist;
				LD_RUNPATH_SEARCH_PATHS = (
					"$(inherited)",
					"@executable_path/Frameworks",
					"@loader_path/Frameworks",
				);
				PRODUCT_BUNDLE_IDENTIFIER = memo.com.preworkUITests;
				PRODUCT_NAME = "$(TARGET_NAME)";
				SWIFT_VERSION = 5.0;
				TARGETED_DEVICE_FAMILY = "1,2";
				TEST_TARGET_NAME = prework;
			};
			name = Debug;
		};
		65045714259CEA0D00A830FE /* Release */ = {
			isa = XCBuildConfiguration;
			buildSettings = {
				ALWAYS_EMBED_SWIFT_STANDARD_LIBRARIES = YES;
				CODE_SIGN_STYLE = Automatic;
				INFOPLIST_FILE = preworkUITests/Info.plist;
				LD_RUNPATH_SEARCH_PATHS = (
					"$(inherited)",
					"@executable_path/Frameworks",
					"@loader_path/Frameworks",
				);
				PRODUCT_BUNDLE_IDENTIFIER = memo.com.preworkUITests;
				PRODUCT_NAME = "$(TARGET_NAME)";
				SWIFT_VERSION = 5.0;
				TARGETED_DEVICE_FAMILY = "1,2";
				TEST_TARGET_NAME = prework;
			};
			name = Release;
		};
/* End XCBuildConfiguration section */

/* Begin XCConfigurationList section */
		650456DD259CEA0C00A830FE /* Build configuration list for PBXProject "prework" */ = {
			isa = XCConfigurationList;
			buildConfigurations = (
				6504570A259CEA0D00A830FE /* Debug */,
				6504570B259CEA0D00A830FE /* Release */,
			);
			defaultConfigurationIsVisible = 0;
			defaultConfigurationName = Release;
		};
		6504570C259CEA0D00A830FE /* Build configuration list for PBXNativeTarget "prework" */ = {
			isa = XCConfigurationList;
			buildConfigurations = (
				6504570D259CEA0D00A830FE /* Debug */,
				6504570E259CEA0D00A830FE /* Release */,
			);
			defaultConfigurationIsVisible = 0;
			defaultConfigurationName = Release;
		};
		6504570F259CEA0D00A830FE /* Build configuration list for PBXNativeTarget "preworkTests" */ = {
			isa = XCConfigurationList;
			buildConfigurations = (
				65045710259CEA0D00A830FE /* Debug */,
				65045711259CEA0D00A830FE /* Release */,
			);
			defaultConfigurationIsVisible = 0;
			defaultConfigurationName = Release;
		};
		65045712259CEA0D00A830FE /* Build configuration list for PBXNativeTarget "preworkUITests" */ = {
			isa = XCConfigurationList;
			buildConfigurations = (
				65045713259CEA0D00A830FE /* Debug */,
				65045714259CEA0D00A830FE /* Release */,
			);
			defaultConfigurationIsVisible = 0;
			defaultConfigurationName = Release;
		};
/* End XCConfigurationList section */
	};
	rootObject = 650456DA259CEA0C00A830FE /* Project object */;
}
